
Microsoft Visual Studio Solution File, Format Version 12.00
# Visual Studio Version 17
VisualStudioVersion = 17.8.34330.188
MinimumVisualStudioVersion = 10.0.40219.1
Project("{9A19103F-16F7-4668-BE54-9A1E7A4F7556}") = "TradingDiary", "TradingDiary\TradingDiary.csproj", "{6F33CC35-70F5-49F0-8F8C-520BADCC5C88}"
EndProject
Project("{54A90642-561A-4BB1-A94E-469ADEE60C69}") = "tradingdiary.client", "tradingdiary.client\tradingdiary.client.esproj", "{4E7B0EC4-E284-4EC5-A60F-BAF2E51E7A78}"
EndProject
Global
	GlobalSection(SolutionConfigurationPlatforms) = preSolution
		Debug|Any CPU = Debug|Any CPU
		Release|Any CPU = Release|Any CPU
	EndGlobalSection
	GlobalSection(ProjectConfigurationPlatforms) = postSolution
		{6F33CC35-70F5-49F0-8F8C-520BADCC5C88}.Debug|Any CPU.ActiveCfg = Debug|Any CPU
		{6F33CC35-70F5-49F0-8F8C-520BADCC5C88}.Debug|Any CPU.Build.0 = Debug|Any CPU
		{6F33CC35-70F5-49F0-8F8C-520BADCC5C88}.Release|Any CPU.ActiveCfg = Release|Any CPU
		{6F33CC35-70F5-49F0-8F8C-520BADCC5C88}.Release|Any CPU.Build.0 = Release|Any CPU
		{4E7B0EC4-E284-4EC5-A60F-BAF2E51E7A78}.Debug|Any CPU.ActiveCfg = Debug|Any CPU
		{4E7B0EC4-E284-4EC5-A60F-BAF2E51E7A78}.Debug|Any CPU.Build.0 = Debug|Any CPU
		{4E7B0EC4-E284-4EC5-A60F-BAF2E51E7A78}.Debug|Any CPU.Deploy.0 = Debug|Any CPU
		{4E7B0EC4-E284-4EC5-A60F-BAF2E51E7A78}.Release|Any CPU.ActiveCfg = Release|Any CPU
		{4E7B0EC4-E284-4EC5-A60F-BAF2E51E7A78}.Release|Any CPU.Build.0 = Release|Any CPU
		{4E7B0EC4-E284-4EC5-A60F-BAF2E51E7A78}.Release|Any CPU.Deploy.0 = Release|Any CPU
	EndGlobalSection
	GlobalSection(SolutionProperties) = preSolution
		HideSolutionNode = FALSE
	EndGlobalSection
	GlobalSection(ExtensibilityGlobals) = postSolution
		SolutionGuid = {F0896D2D-A3F7-4FC4-BD49-88EB7E806E37}
	EndGlobalSection
EndGlobal
